
Microsoft Visual Studio Solution File, Format Version 12.00
# Visual Studio Version 16
VisualStudioVersion = 16.0.31410.357
MinimumVisualStudioVersion = 10.0.40219.1
Project("{FAE04EC0-301F-11D3-BF4B-00C04F79EFBC}") = "ATM-EFCore", "ATM-EFCore\ATM-EFCore.csproj", "{2CE63B10-F00E-44A9-957D-D838FD779EE3}"
EndProject
Project("{FAE04EC0-301F-11D3-BF4B-00C04F79EFBC}") = "ATM_DAL", "ATM_DAL\ATM_DAL.csproj", "{9EF23238-A89B-4C48-ACE5-21A961E8BDDE}"
EndProject
Global
	GlobalSection(SolutionConfigurationPlatforms) = preSolution
		Debug|Any CPU = Debug|Any CPU
		Release|Any CPU = Release|Any CPU
	EndGlobalSection
	GlobalSection(ProjectConfigurationPlatforms) = postSolution
		{2CE63B10-F00E-44A9-957D-D838FD779EE3}.Debug|Any CPU.ActiveCfg = Debug|Any CPU
		{2CE63B10-F00E-44A9-957D-D838FD779EE3}.Debug|Any CPU.Build.0 = Debug|Any CPU
		{2CE63B10-F00E-44A9-957D-D838FD779EE3}.Release|Any CPU.ActiveCfg = Release|Any CPU
		{2CE63B10-F00E-44A9-957D-D838FD779EE3}.Release|Any CPU.Build.0 = Release|Any CPU
		{9EF23238-A89B-4C48-ACE5-21A961E8BDDE}.Debug|Any CPU.ActiveCfg = Debug|Any CPU
		{9EF23238-A89B-4C48-ACE5-21A961E8BDDE}.Debug|Any CPU.Build.0 = Debug|Any CPU
		{9EF23238-A89B-4C48-ACE5-21A961E8BDDE}.Release|Any CPU.ActiveCfg = Release|Any CPU
		{9EF23238-A89B-4C48-ACE5-21A961E8BDDE}.Release|Any CPU.Build.0 = Release|Any CPU
	EndGlobalSection
	GlobalSection(SolutionProperties) = preSolution
		HideSolutionNode = FALSE
	EndGlobalSection
	GlobalSection(ExtensibilityGlobals) = postSolution
		SolutionGuid = {356158C3-5FE3-4058-89BF-AA7B6211D0FF}
	EndGlobalSection
EndGlobal
